// !$*UTF8*$!
{
	archiveVersion = 1;
	classes = {
	};
	objectVersion = 77;
	objects = {

/* Begin PBXBuildFile section */
		A1119DB92E78543E0072EDEC /* ContentView.swift in Sources */ = {isa = PBXBuildFile; fileRef = A1119DB82E78543E0072EDEC /* ContentView.swift */; };
		A1119DBD2E7854B80072EDEC /* SecureVaultApp.swift in Sources */ = {isa = PBXBuildFile; fileRef = A1119DBC2E7854B80072EDEC /* SecureVaultApp.swift */; };
		A164301D2E78D86200327AD7 /* MasterPasswordSetupView.swift in Sources */ = {isa = PBXBuildFile; fileRef = A164301C2E78D86200327AD7 /* MasterPasswordSetupView.swift */; };
		A1C8CDD02E7621AB00299DEC /* PasswordEntry.swift in Sources */ = {isa = PBXBuildFile; fileRef = A1C8CDCF2E7621AB00299DEC /* PasswordEntry.swift */; };
		A1C8CDD22E7623D500299DEC /* KeychainManager.swift in Sources */ = {isa = PBXBuildFile; fileRef = A1C8CDD12E7623D500299DEC /* KeychainManager.swift */; };
		A1C8CDD42E7627FE00299DEC /* AddPasswordView.swift in Sources */ = {isa = PBXBuildFile; fileRef = A1C8CDD32E7627FE00299DEC /* AddPasswordView.swift */; };
		A1C8CDD92E762E4700299DEC /* PasswordListView.swift in Sources */ = {isa = PBXBuildFile; fileRef = A1C8CDD82E762E4700299DEC /* PasswordListView.swift */; };
		A1C8CDDB2E76320600299DEC /* PasswordDetailView.swift in Sources */ = {isa = PBXBuildFile; fileRef = A1C8CDDA2E76320600299DEC /* PasswordDetailView.swift */; };
		A1C8CDDD2E771E8300299DEC /* PasswordGenerator.swift in Sources */ = {isa = PBXBuildFile; fileRef = A1C8CDDC2E771E8300299DEC /* PasswordGenerator.swift */; };
		A1C8CDDF2E7720A700299DEC /* PasswordGeneratorView.swift in Sources */ = {isa = PBXBuildFile; fileRef = A1C8CDDE2E7720A700299DEC /* PasswordGeneratorView.swift */; };
		A1C8CDE22E77240200299DEC /* AutoLockManager.swift in Sources */ = {isa = PBXBuildFile; fileRef = A1C8CDE12E77240200299DEC /* AutoLockManager.swift */; };
		A1C8CDE42E77251A00299DEC /* LockScreenView.swift in Sources */ = {isa = PBXBuildFile; fileRef = A1C8CDE32E77251A00299DEC /* LockScreenView.swift */; };
		A1C8CDE62E77288400299DEC /* PrivacyOverlayView.swift in Sources */ = {isa = PBXBuildFile; fileRef = A1C8CDE52E77288400299DEC /* PrivacyOverlayView.swift */; };
/* End PBXBuildFile section */

/* Begin PBXFileReference section */
		A1119DB82E78543E0072EDEC /* ContentView.swift */ = {isa = PBXFileReference; lastKnownFileType = sourcecode.swift; name = ContentView.swift; path = SecureVault/ContentView.swift; sourceTree = "<group>"; };
		A1119DBA2E7854800072EDEC /* LockScreenView.swift */ = {isa = PBXFileReference; lastKnownFileType = sourcecode.swift; name = LockScreenView.swift; path = SecureVault/LockScreenView.swift; sourceTree = "<group>"; };
		A1119DBB2E78549E0072EDEC /* PasswordListView.swift */ = {isa = PBXFileReference; lastKnownFileType = sourcecode.swift; name = PasswordListView.swift; path = SecureVault/PasswordListView.swift; sourceTree = "<group>"; };
		A1119DBC2E7854B80072EDEC /* SecureVaultApp.swift */ = {isa = PBXFileReference; lastKnownFileType = sourcecode.swift; name = SecureVaultApp.swift; path = SecureVault/SecureVaultApp.swift; sourceTree = "<group>"; };
		A164301C2E78D86200327AD7 /* MasterPasswordSetupView.swift */ = {isa = PBXFileReference; lastKnownFileType = sourcecode.swift; name = MasterPasswordSetupView.swift; path = SecureVault/MasterPasswordSetupView.swift; sourceTree = "<group>"; };
		A1C8CD932E747BDC00299DEC /* SecureVault.app */ = {isa = PBXFileReference; explicitFileType = wrapper.application; includeInIndex = 0; path = SecureVault.app; sourceTree = BUILT_PRODUCTS_DIR; };
		A1C8CDC22E76214D00299DEC /* AppRouterView.swift */ = {isa = PBXFileReference; lastKnownFileType = sourcecode.swift; path = AppRouterView.swift; sourceTree = "<group>"; };
		A1C8CDC32E76214D00299DEC /* Assets.xcassets */ = {isa = PBXFileReference; lastKnownFileType = folder.assetcatalog; path = Assets.xcassets; sourceTree = "<group>"; };
		A1C8CDC42E76214D00299DEC /* AuthenticationManager.swift */ = {isa = PBXFileReference; lastKnownFileType = sourcecode.swift; path = AuthenticationManager.swift; sourceTree = "<group>"; };
		A1C8CDC52E76214D00299DEC /* AuthenticationView.swift */ = {isa = PBXFileReference; lastKnownFileType = sourcecode.swift; path = AuthenticationView.swift; sourceTree = "<group>"; };
		A1C8CDC62E76214D00299DEC /* BiometricAuthManager.swift */ = {isa = PBXFileReference; lastKnownFileType = sourcecode.swift; path = BiometricAuthManager.swift; sourceTree = "<group>"; };
		A1C8CDC72E76214D00299DEC /* ContentView.swift */ = {isa = PBXFileReference; lastKnownFileType = sourcecode.swift; path = ContentView.swift; sourceTree = "<group>"; };
		A1C8CDC82E76214D00299DEC /* LoginView.swift */ = {isa = PBXFileReference; lastKnownFileType = sourcecode.swift; path = LoginView.swift; sourceTree = "<group>"; };
		A1C8CDC92E76214D00299DEC /* MainAppView.swift */ = {isa = PBXFileReference; lastKnownFileType = sourcecode.swift; path = MainAppView.swift; sourceTree = "<group>"; };
		A1C8CDCA2E76214D00299DEC /* MasterPasswordSetupView.swift */ = {isa = PBXFileReference; lastKnownFileType = sourcecode.swift; path = MasterPasswordSetupView.swift; sourceTree = "<group>"; };
		A1C8CDCB2E76214D00299DEC /* SecureVaultApp.swift */ = {isa = PBXFileReference; lastKnownFileType = sourcecode.swift; path = SecureVaultApp.swift; sourceTree = "<group>"; };
		A1C8CDCF2E7621AB00299DEC /* PasswordEntry.swift */ = {isa = PBXFileReference; lastKnownFileType = sourcecode.swift; path = PasswordEntry.swift; sourceTree = "<group>"; };
		A1C8CDD12E7623D500299DEC /* KeychainManager.swift */ = {isa = PBXFileReference; lastKnownFileType = sourcecode.swift; path = KeychainManager.swift; sourceTree = "<group>"; };
		A1C8CDD32E7627FE00299DEC /* AddPasswordView.swift */ = {isa = PBXFileReference; lastKnownFileType = sourcecode.swift; path = AddPasswordView.swift; sourceTree = "<group>"; };
		A1C8CDD82E762E4700299DEC /* PasswordListView.swift */ = {isa = PBXFileReference; lastKnownFileType = sourcecode.swift; path = PasswordListView.swift; sourceTree = "<group>"; };
		A1C8CDDA2E76320600299DEC /* PasswordDetailView.swift */ = {isa = PBXFileReference; lastKnownFileType = sourcecode.swift; path = PasswordDetailView.swift; sourceTree = "<group>"; };
		A1C8CDDC2E771E8300299DEC /* PasswordGenerator.swift */ = {isa = PBXFileReference; lastKnownFileType = sourcecode.swift; path = PasswordGenerator.swift; sourceTree = "<group>"; };
		A1C8CDDE2E7720A700299DEC /* PasswordGeneratorView.swift */ = {isa = PBXFileReference; lastKnownFileType = sourcecode.swift; path = PasswordGeneratorView.swift; sourceTree = "<group>"; };
		A1C8CDE12E77240200299DEC /* AutoLockManager.swift */ = {isa = PBXFileReference; lastKnownFileType = sourcecode.swift; path = AutoLockManager.swift; sourceTree = "<group>"; };
		A1C8CDE32E77251A00299DEC /* LockScreenView.swift */ = {isa = PBXFileReference; lastKnownFileType = sourcecode.swift; path = LockScreenView.swift; sourceTree = "<group>"; };
		A1C8CDE52E77288400299DEC /* PrivacyOverlayView.swift */ = {isa = PBXFileReference; lastKnownFileType = sourcecode.swift; path = PrivacyOverlayView.swift; sourceTree = "<group>"; };
/* End PBXFileReference section */

/* Begin PBXFrameworksBuildPhase section */
		A1C8CD902E747BDC00299DEC /* Frameworks */ = {
			isa = PBXFrameworksBuildPhase;
			buildActionMask = 2147483647;
			files = (
			);
			runOnlyForDeploymentPostprocessing = 0;
		};
/* End PBXFrameworksBuildPhase section */

/* Begin PBXGroup section */
		A1C8CD8A2E747BDC00299DEC = {
			isa = PBXGroup;
			children = (
				A164301C2E78D86200327AD7 /* MasterPasswordSetupView.swift */,
				A1119DBC2E7854B80072EDEC /* SecureVaultApp.swift */,
				A1119DBB2E78549E0072EDEC /* PasswordListView.swift */,
				A1119DBA2E7854800072EDEC /* LockScreenView.swift */,
				A1119DB82E78543E0072EDEC /* ContentView.swift */,
				A1C8CDCC2E76214D00299DEC /* SecureVault */,
				A1C8CD942E747BDC00299DEC /* Products */,
			);
			sourceTree = "<group>";
		};
		A1C8CD942E747BDC00299DEC /* Products */ = {
			isa = PBXGroup;
			children = (
				A1C8CD932E747BDC00299DEC /* SecureVault.app */,
			);
			name = Products;
			sourceTree = "<group>";
		};
		A1C8CDCC2E76214D00299DEC /* SecureVault */ = {
			isa = PBXGroup;
			children = (
				A1C8CDCE2E76217200299DEC /* Models */,
				A1C8CDC22E76214D00299DEC /* AppRouterView.swift */,
				A1C8CDC32E76214D00299DEC /* Assets.xcassets */,
				A1C8CDC42E76214D00299DEC /* AuthenticationManager.swift */,
				A1C8CDC52E76214D00299DEC /* AuthenticationView.swift */,
				A1C8CDC62E76214D00299DEC /* BiometricAuthManager.swift */,
				A1C8CDD12E7623D500299DEC /* KeychainManager.swift */,
				A1C8CDD82E762E4700299DEC /* PasswordListView.swift */,
				A1C8CDDC2E771E8300299DEC /* PasswordGenerator.swift */,
				A1C8CDE32E77251A00299DEC /* LockScreenView.swift */,
				A1C8CDDE2E7720A700299DEC /* PasswordGeneratorView.swift */,
				A1C8CDE12E77240200299DEC /* AutoLockManager.swift */,
				A1C8CDD32E7627FE00299DEC /* AddPasswordView.swift */,
				A1C8CDC72E76214D00299DEC /* ContentView.swift */,
				A1C8CDE52E77288400299DEC /* PrivacyOverlayView.swift */,
				A1C8CDDA2E76320600299DEC /* PasswordDetailView.swift */,
				A1C8CDC82E76214D00299DEC /* LoginView.swift */,
				A1C8CDC92E76214D00299DEC /* MainAppView.swift */,
				A1C8CDCA2E76214D00299DEC /* MasterPasswordSetupView.swift */,
				A1C8CDCB2E76214D00299DEC /* SecureVaultApp.swift */,
			);
			path = SecureVault;
			sourceTree = "<group>";
		};
		A1C8CDCE2E76217200299DEC /* Models */ = {
			isa = PBXGroup;
			children = (
				A1C8CDCF2E7621AB00299DEC /* PasswordEntry.swift */,
			);
			path = Models;
			sourceTree = "<group>";
		};
/* End PBXGroup section */

/* Begin PBXNativeTarget section */
		A1C8CD922E747BDC00299DEC /* SecureVault */ = {
			isa = PBXNativeTarget;
			buildConfigurationList = A1C8CD9E2E747BDD00299DEC /* Build configuration list for PBXNativeTarget "SecureVault" */;
			buildPhases = (
				A1C8CD8F2E747BDC00299DEC /* Sources */,
				A1C8CD902E747BDC00299DEC /* Frameworks */,
				A1C8CD912E747BDC00299DEC /* Resources */,
			);
			buildRules = (
			);
			dependencies = (
			);
			name = SecureVault;
			packageProductDependencies = (
			);
			productName = SecureVault;
			productReference = A1C8CD932E747BDC00299DEC /* SecureVault.app */;
			productType = "com.apple.product-type.application";
		};
/* End PBXNativeTarget section */

/* Begin PBXProject section */
		A1C8CD8B2E747BDC00299DEC /* Project object */ = {
			isa = PBXProject;
			attributes = {
				BuildIndependentTargetsInParallel = 1;
				LastSwiftUpdateCheck = 1640;
				LastUpgradeCheck = 1640;
				TargetAttributes = {
					A1C8CD922E747BDC00299DEC = {
						CreatedOnToolsVersion = 16.4;
						LastSwiftMigration = 1640;
					};
				};
			};
			buildConfigurationList = A1C8CD8E2E747BDC00299DEC /* Build configuration list for PBXProject "SecureVault" */;
			developmentRegion = en;
			hasScannedForEncodings = 0;
			knownRegions = (
				en,
				Base,
			);
			mainGroup = A1C8CD8A2E747BDC00299DEC;
			minimizedProjectReferenceProxies = 1;
			preferredProjectObjectVersion = 77;
			productRefGroup = A1C8CD942E747BDC00299DEC /* Products */;
			projectDirPath = "";
			projectRoot = "";
			targets = (
				A1C8CD922E747BDC00299DEC /* SecureVault */,
			);
		};
/* End PBXProject section */

/* Begin PBXResourcesBuildPhase section */
		A1C8CD912E747BDC00299DEC /* Resources */ = {
			isa = PBXResourcesBuildPhase;
			buildActionMask = 2147483647;
			files = (
			);
			runOnlyForDeploymentPostprocessing = 0;
		};
/* End PBXResourcesBuildPhase section */

/* Begin PBXSourcesBuildPhase section */
		A1C8CD8F2E747BDC00299DEC /* Sources */ = {
			isa = PBXSourcesBuildPhase;
			buildActionMask = 2147483647;
			files = (
				A164301D2E78D86200327AD7 /* MasterPasswordSetupView.swift in Sources */,
				A1119DBD2E7854B80072EDEC /* SecureVaultApp.swift in Sources */,
				A1C8CDD92E762E4700299DEC /* PasswordListView.swift in Sources */,
				A1C8CDE42E77251A00299DEC /* LockScreenView.swift in Sources */,
				A1119DB92E78543E0072EDEC /* ContentView.swift in Sources */,
				A1C8CDDB2E76320600299DEC /* PasswordDetailView.swift in Sources */,
				A1C8CDD02E7621AB00299DEC /* PasswordEntry.swift in Sources */,
				A1C8CDDD2E771E8300299DEC /* PasswordGenerator.swift in Sources */,
				A1C8CDD22E7623D500299DEC /* KeychainManager.swift in Sources */,
				A1C8CDE62E77288400299DEC /* PrivacyOverlayView.swift in Sources */,
				A1C8CDE22E77240200299DEC /* AutoLockManager.swift in Sources */,
				A1C8CDD42E7627FE00299DEC /* AddPasswordView.swift in Sources */,
				A1C8CDDF2E7720A700299DEC /* PasswordGeneratorView.swift in Sources */,
			);
			runOnlyForDeploymentPostprocessing = 0;
		};
/* End PBXSourcesBuildPhase section */

/* Begin XCBuildConfiguration section */
		A1C8CD9C2E747BDD00299DEC /* Debug */ = {
			isa = XCBuildConfiguration;
			buildSettings = {
				ALWAYS_SEARCH_USER_PATHS = NO;
				ASSETCATALOG_COMPILER_GENERATE_SWIFT_ASSET_SYMBOL_EXTENSIONS = YES;
				CLANG_ANALYZER_NONNULL = YES;
				CLANG_ANALYZER_NUMBER_OBJECT_CONVERSION = YES_AGGRESSIVE;
				CLANG_CXX_LANGUAGE_STANDARD = "gnu++20";
				CLANG_ENABLE_MODULES = YES;
				CLANG_ENABLE_OBJC_ARC = YES;
				CLANG_ENABLE_OBJC_WEAK = YES;
				CLANG_WARN_BLOCK_CAPTURE_AUTORELEASING = YES;
				CLANG_WARN_BOOL_CONVERSION = YES;
				CLANG_WARN_COMMA = YES;
				CLANG_WARN_CONSTANT_CONVERSION = YES;
				CLANG_WARN_DEPRECATED_OBJC_IMPLEMENTATIONS = YES;
				CLANG_WARN_DIRECT_OBJC_ISA_USAGE = YES_ERROR;
				CLANG_WARN_DOCUMENTATION_COMMENTS = YES;
				CLANG_WARN_EMPTY_BODY = YES;
				CLANG_WARN_ENUM_CONVERSION = YES;
				CLANG_WARN_INFINITE_RECURSION = YES;
				CLANG_WARN_INT_CONVERSION = YES;
				CLANG_WARN_NON_LITERAL_NULL_CONVERSION = YES;
				CLANG_WARN_OBJC_IMPLICIT_RETAIN_SELF = YES;
				CLANG_WARN_OBJC_LITERAL_CONVERSION = YES;
				CLANG_WARN_OBJC_ROOT_CLASS = YES_ERROR;
				CLANG_WARN_QUOTED_INCLUDE_IN_FRAMEWORK_HEADER = YES;
				CLANG_WARN_RANGE_LOOP_ANALYSIS = YES;
				CLANG_WARN_STRICT_PROTOTYPES = YES;
				CLANG_WARN_SUSPICIOUS_MOVE = YES;
				CLANG_WARN_UNGUARDED_AVAILABILITY = YES_AGGRESSIVE;
				CLANG_WARN_UNREACHABLE_CODE = YES;
				CLANG_WARN__DUPLICATE_METHOD_MATCH = YES;
				COPY_PHASE_STRIP = NO;
				DEBUG_INFORMATION_FORMAT = dwarf;
				DEVELOPMENT_TEAM = LWJ4S3776K;
				ENABLE_STRICT_OBJC_MSGSEND = YES;
				ENABLE_TESTABILITY = YES;
				ENABLE_USER_SCRIPT_SANDBOXING = YES;
				GCC_C_LANGUAGE_STANDARD = gnu17;
				GCC_DYNAMIC_NO_PIC = NO;
				GCC_NO_COMMON_BLOCKS = YES;
				GCC_OPTIMIZATION_LEVEL = 0;
				GCC_PREPROCESSOR_DEFINITIONS = (
					"DEBUG=1",
					"$(inherited)",
				);
				GCC_WARN_64_TO_32_BIT_CONVERSION = YES;
				GCC_WARN_ABOUT_RETURN_TYPE = YES_ERROR;
				GCC_WARN_UNDECLARED_SELECTOR = YES;
				GCC_WARN_UNINITIALIZED_AUTOS = YES_AGGRESSIVE;
				GCC_WARN_UNUSED_FUNCTION = YES;
				GCC_WARN_UNUSED_VARIABLE = YES;
				IPHONEOS_DEPLOYMENT_TARGET = 18.5;
				LOCALIZATION_PREFERS_STRING_CATALOGS = YES;
				MTL_ENABLE_DEBUG_INFO = INCLUDE_SOURCE;
				MTL_FAST_MATH = YES;
				ONLY_ACTIVE_ARCH = YES;
				SDKROOT = iphoneos;
				SWIFT_ACTIVE_COMPILATION_CONDITIONS = "DEBUG $(inherited)";
				SWIFT_OPTIMIZATION_LEVEL = "-Onone";
			};
			name = Debug;
		};
		A1C8CD9D2E747BDD00299DEC /* Release */ = {
			isa = XCBuildConfiguration;
			buildSettings = {
				ALWAYS_SEARCH_USER_PATHS = NO;
				ASSETCATALOG_COMPILER_GENERATE_SWIFT_ASSET_SYMBOL_EXTENSIONS = YES;
				CLANG_ANALYZER_NONNULL = YES;
				CLANG_ANALYZER_NUMBER_OBJECT_CONVERSION = YES_AGGRESSIVE;
				CLANG_CXX_LANGUAGE_STANDARD = "gnu++20";
				CLANG_ENABLE_MODULES = YES;
				CLANG_ENABLE_OBJC_ARC = YES;
				CLANG_ENABLE_OBJC_WEAK = YES;
				CLANG_WARN_BLOCK_CAPTURE_AUTORELEASING = YES;
				CLANG_WARN_BOOL_CONVERSION = YES;
				CLANG_WARN_COMMA = YES;
				CLANG_WARN_CONSTANT_CONVERSION = YES;
				CLANG_WARN_DEPRECATED_OBJC_IMPLEMENTATIONS = YES;
				CLANG_WARN_DIRECT_OBJC_ISA_USAGE = YES_ERROR;
				CLANG_WARN_DOCUMENTATION_COMMENTS = YES;
				CLANG_WARN_EMPTY_BODY = YES;
				CLANG_WARN_ENUM_CONVERSION = YES;
				CLANG_WARN_INFINITE_RECURSION = YES;
				CLANG_WARN_INT_CONVERSION = YES;
				CLANG_WARN_NON_LITERAL_NULL_CONVERSION = YES;
				CLANG_WARN_OBJC_IMPLICIT_RETAIN_SELF = YES;
				CLANG_WARN_OBJC_LITERAL_CONVERSION = YES;
				CLANG_WARN_OBJC_ROOT_CLASS = YES_ERROR;
				CLANG_WARN_QUOTED_INCLUDE_IN_FRAMEWORK_HEADER = YES;
				CLANG_WARN_RANGE_LOOP_ANALYSIS = YES;
				CLANG_WARN_STRICT_PROTOTYPES = YES;
				CLANG_WARN_SUSPICIOUS_MOVE = YES;
				CLANG_WARN_UNGUARDED_AVAILABILITY = YES_AGGRESSIVE;
				CLANG_WARN_UNREACHABLE_CODE = YES;
				CLANG_WARN__DUPLICATE_METHOD_MATCH = YES;
				COPY_PHASE_STRIP = NO;
				DEBUG_INFORMATION_FORMAT = "dwarf-with-dsym";
				DEVELOPMENT_TEAM = LWJ4S3776K;
				ENABLE_NS_ASSERTIONS = NO;
				ENABLE_STRICT_OBJC_MSGSEND = YES;
				ENABLE_USER_SCRIPT_SANDBOXING = YES;
				GCC_C_LANGUAGE_STANDARD = gnu17;
				GCC_NO_COMMON_BLOCKS = YES;
				GCC_WARN_64_TO_32_BIT_CONVERSION = YES;
				GCC_WARN_ABOUT_RETURN_TYPE = YES_ERROR;
				GCC_WARN_UNDECLARED_SELECTOR = YES;
				GCC_WARN_UNINITIALIZED_AUTOS = YES_AGGRESSIVE;
				GCC_WARN_UNUSED_FUNCTION = YES;
				GCC_WARN_UNUSED_VARIABLE = YES;
				IPHONEOS_DEPLOYMENT_TARGET = 18.5;
				LOCALIZATION_PREFERS_STRING_CATALOGS = YES;
				MTL_ENABLE_DEBUG_INFO = NO;
				MTL_FAST_MATH = YES;
				SDKROOT = iphoneos;
				SWIFT_COMPILATION_MODE = wholemodule;
				VALIDATE_PRODUCT = YES;
			};
			name = Release;
		};
		A1C8CD9F2E747BDD00299DEC /* Debug */ = {
			isa = XCBuildConfiguration;
			buildSettings = {
				ASSETCATALOG_COMPILER_APPICON_NAME = AppIcon;
				ASSETCATALOG_COMPILER_GLOBAL_ACCENT_COLOR_NAME = AccentColor;
				CLANG_ENABLE_MODULES = YES;
				CODE_SIGN_STYLE = Automatic;
				CURRENT_PROJECT_VERSION = 1;
				DEBUG_INFORMATION_FORMAT = "dwarf-with-dsym";
				DEVELOPMENT_TEAM = LWJ4S3776K;
				ENABLE_PREVIEWS = YES;
				GENERATE_INFOPLIST_FILE = YES;
				INFOPLIST_KEY_CFBundleDisplayName = SecureVault;
				INFOPLIST_KEY_UIApplicationSceneManifest_Generation = YES;
				INFOPLIST_KEY_UIApplicationSupportsIndirectInputEvents = YES;
				INFOPLIST_KEY_UILaunchScreen_Generation = YES;
				INFOPLIST_KEY_UISupportedInterfaceOrientations_iPad = "UIInterfaceOrientationPortrait UIInterfaceOrientationPortraitUpsideDown UIInterfaceOrientationLandscapeLeft UIInterfaceOrientationLandscapeRight";
				INFOPLIST_KEY_UISupportedInterfaceOrientations_iPhone = "UIInterfaceOrientationPortrait UIInterfaceOrientationLandscapeLeft UIInterfaceOrientationLandscapeRight";
				LD_RUNPATH_SEARCH_PATHS = (
					"$(inherited)",
					"@executable_path/Frameworks",
				);
				MACOSX_DEPLOYMENT_TARGET = 15.0;
				MARKETING_VERSION = 1.0;
				PRODUCT_BUNDLE_IDENTIFIER = com.arshiya.SecureVault;
				PRODUCT_NAME = "$(TARGET_NAME)";
				SWIFT_EMIT_LOC_STRINGS = YES;
				SWIFT_OPTIMIZATION_LEVEL = "-Onone";
				SWIFT_VERSION = 5.0;
				TARGETED_DEVICE_FAMILY = "1,2";
				TVOS_DEPLOYMENT_TARGET = 18.0;
				WATCHOS_DEPLOYMENT_TARGET = 11.0;
				XROS_DEPLOYMENT_TARGET = 2.0;
			};
			name = Debug;
		};
		A1C8CDA02E747BDD00299DEC /* Release */ = {
			isa = XCBuildConfiguration;
			buildSettings = {
				ASSETCATALOG_COMPILER_APPICON_NAME = AppIcon;
				ASSETCATALOG_COMPILER_GLOBAL_ACCENT_COLOR_NAME = AccentColor;
				CLANG_ENABLE_MODULES = YES;
				CODE_SIGN_STYLE = Automatic;
				CURRENT_PROJECT_VERSION = 1;
				DEVELOPMENT_TEAM = LWJ4S3776K;
				ENABLE_PREVIEWS = YES;
				GENERATE_INFOPLIST_FILE = YES;
				INFOPLIST_KEY_CFBundleDisplayName = SecureVault;
				INFOPLIST_KEY_UIApplicationSceneManifest_Generation = YES;
				INFOPLIST_KEY_UIApplicationSupportsIndirectInputEvents = YES;
				INFOPLIST_KEY_UILaunchScreen_Generation = YES;
				INFOPLIST_KEY_UISupportedInterfaceOrientations_iPad = "UIInterfaceOrientationPortrait UIInterfaceOrientationPortraitUpsideDown UIInterfaceOrientationLandscapeLeft UIInterfaceOrientationLandscapeRight";
				INFOPLIST_KEY_UISupportedInterfaceOrientations_iPhone = "UIInterfaceOrientationPortrait UIInterfaceOrientationLandscapeLeft UIInterfaceOrientationLandscapeRight";
				LD_RUNPATH_SEARCH_PATHS = (
					"$(inherited)",
					"@executable_path/Frameworks",
				);
				MACOSX_DEPLOYMENT_TARGET = 15.0;
				MARKETING_VERSION = 1.0;
				PRODUCT_BUNDLE_IDENTIFIER = com.arshiya.SecureVault;
				PRODUCT_NAME = "$(TARGET_NAME)";
				SWIFT_EMIT_LOC_STRINGS = YES;
				SWIFT_VERSION = 5.0;
				TARGETED_DEVICE_FAMILY = "1,2";
				TVOS_DEPLOYMENT_TARGET = 18.0;
				WATCHOS_DEPLOYMENT_TARGET = 11.0;
				XROS_DEPLOYMENT_TARGET = 2.0;
			};
			name = Release;
		};
/* End XCBuildConfiguration section */

/* Begin XCConfigurationList section */
		A1C8CD8E2E747BDC00299DEC /* Build configuration list for PBXProject "SecureVault" */ = {
			isa = XCConfigurationList;
			buildConfigurations = (
				A1C8CD9C2E747BDD00299DEC /* Debug */,
				A1C8CD9D2E747BDD00299DEC /* Release */,
			);
			defaultConfigurationIsVisible = 0;
			defaultConfigurationName = Release;
		};
		A1C8CD9E2E747BDD00299DEC /* Build configuration list for PBXNativeTarget "SecureVault" */ = {
			isa = XCConfigurationList;
			buildConfigurations = (
				A1C8CD9F2E747BDD00299DEC /* Debug */,
				A1C8CDA02E747BDD00299DEC /* Release */,
			);
			defaultConfigurationIsVisible = 0;
			defaultConfigurationName = Release;
		};
/* End XCConfigurationList section */
	};
	rootObject = A1C8CD8B2E747BDC00299DEC /* Project object */;
}
